DEPENDENCIES
  apt
  heartbleed-provisioner
    path: .
    metadata: true

GRAPH
  apache2 (1.11.0)
    freebsd (>= 0.0.0)
    iptables (>= 0.0.0)
    logrotate (>= 0.0.0)
    pacman (>= 0.0.0)
  apt (2.4.0)
  freebsd (0.1.4)
  heartbleed-provisioner (0.1.0)
    apache2 (>= 0.0.0)
  iptables (0.13.2)
  logrotate (1.6.0)
  pacman (1.1.1)
